
Microsoft Visual Studio Solution File, Format Version 12.00
# Visual Studio 2013
VisualStudioVersion = 12.0.31101.0
MinimumVisualStudioVersion = 10.0.40219.1
Project("{FAE04EC0-301F-11D3-BF4B-00C04F79EFBC}") = "DMSys.Cryptography.Demo", "DMSys.Cryptography.Demo\DMSys.Cryptography.Demo.csproj", "{E1D64965-673F-459F-B943-3A8E4BC30ABF}"
EndProject
Project("{FAE04EC0-301F-11D3-BF4B-00C04F79EFBC}") = "DMSys.Cryptography", "..\..\DMSys.Framesource\DMSys.Cryptography\DMSys.Cryptography.csproj", "{603F39F8-1E46-4F1D-B994-402B6D7D87E0}"
EndProject
Global
	GlobalSection(SolutionConfigurationPlatforms) = preSolution
		Debug|Any CPU = Debug|Any CPU
		Debug|x86 = Debug|x86
		Release|Any CPU = Release|Any CPU
		Release|x86 = Release|x86
	EndGlobalSection
	GlobalSection(ProjectConfigurationPlatforms) = postSolution
		{E1D64965-673F-459F-B943-3A8E4BC30ABF}.Debug|Any CPU.ActiveCfg = Debug|Any CPU
		{E1D64965-673F-459F-B943-3A8E4BC30ABF}.Debug|Any CPU.Build.0 = Debug|Any CPU
		{E1D64965-673F-459F-B943-3A8E4BC30ABF}.Debug|x86.ActiveCfg = Debug|Any CPU
		{E1D64965-673F-459F-B943-3A8E4BC30ABF}.Release|Any CPU.ActiveCfg = Release|Any CPU
		{E1D64965-673F-459F-B943-3A8E4BC30ABF}.Release|Any CPU.Build.0 = Release|Any CPU
		{E1D64965-673F-459F-B943-3A8E4BC30ABF}.Release|x86.ActiveCfg = Release|Any CPU
		{603F39F8-1E46-4F1D-B994-402B6D7D87E0}.Debug|Any CPU.ActiveCfg = Debug|Any CPU
		{603F39F8-1E46-4F1D-B994-402B6D7D87E0}.Debug|Any CPU.Build.0 = Debug|Any CPU
		{603F39F8-1E46-4F1D-B994-402B6D7D87E0}.Debug|x86.ActiveCfg = Debug|x86
		{603F39F8-1E46-4F1D-B994-402B6D7D87E0}.Debug|x86.Build.0 = Debug|x86
		{603F39F8-1E46-4F1D-B994-402B6D7D87E0}.Release|Any CPU.ActiveCfg = Release|Any CPU
		{603F39F8-1E46-4F1D-B994-402B6D7D87E0}.Release|Any CPU.Build.0 = Release|Any CPU
		{603F39F8-1E46-4F1D-B994-402B6D7D87E0}.Release|x86.ActiveCfg = Release|x86
		{603F39F8-1E46-4F1D-B994-402B6D7D87E0}.Release|x86.Build.0 = Release|x86
	EndGlobalSection
	GlobalSection(SolutionProperties) = preSolution
		HideSolutionNode = FALSE
	EndGlobalSection
EndGlobal
